
Microsoft Visual Studio Solution File, Format Version 12.00
# Visual Studio Version 17
VisualStudioVersion = 17.14.36221.1 d17.14
MinimumVisualStudioVersion = 10.0.40219.1
Project("{FAE04EC0-301F-11D3-BF4B-00C04F79EFBC}") = "CourseCompass", "CourseCompass.csproj", "{8E87EB09-0471-448C-959B-F5711F64F777}"
EndProject
Global
	GlobalSection(SolutionConfigurationPlatforms) = preSolution
		Debug|Any CPU = Debug|Any CPU
		Release|Any CPU = Release|Any CPU
	EndGlobalSection
	GlobalSection(ProjectConfigurationPlatforms) = postSolution
		{8E87EB09-0471-448C-959B-F5711F64F777}.Debug|Any CPU.ActiveCfg = Debug|Any CPU
		{8E87EB09-0471-448C-959B-F5711F64F777}.Debug|Any CPU.Build.0 = Debug|Any CPU
		{8E87EB09-0471-448C-959B-F5711F64F777}.Release|Any CPU.ActiveCfg = Release|Any CPU
		{8E87EB09-0471-448C-959B-F5711F64F777}.Release|Any CPU.Build.0 = Release|Any CPU
	EndGlobalSection
	GlobalSection(SolutionProperties) = preSolution
		HideSolutionNode = FALSE
	EndGlobalSection
	GlobalSection(ExtensibilityGlobals) = postSolution
		SolutionGuid = {17DF47D4-8E19-4D36-842C-AB64494ED2A7}
	EndGlobalSection
EndGlobal
